
Microsoft Visual Studio Solution File, Format Version 12.00
# Visual Studio Version 17
VisualStudioVersion = 17.14.36518.9 d17.14
MinimumVisualStudioVersion = 10.0.40219.1
Project("{FAE04EC0-301F-11D3-BF4B-00C04F79EFBC}") = "ModelStudent", "ModelStudent\ModelStudent.csproj", "{0C44CC77-FEA4-4C69-93E1-0C51BF6419CB}"
EndProject
Global
	GlobalSection(SolutionConfigurationPlatforms) = preSolution
		Debug|Any CPU = Debug|Any CPU
		Release|Any CPU = Release|Any CPU
	EndGlobalSection
	GlobalSection(ProjectConfigurationPlatforms) = postSolution
		{0C44CC77-FEA4-4C69-93E1-0C51BF6419CB}.Debug|Any CPU.ActiveCfg = Debug|Any CPU
		{0C44CC77-FEA4-4C69-93E1-0C51BF6419CB}.Debug|Any CPU.Build.0 = Debug|Any CPU
		{0C44CC77-FEA4-4C69-93E1-0C51BF6419CB}.Release|Any CPU.ActiveCfg = Release|Any CPU
		{0C44CC77-FEA4-4C69-93E1-0C51BF6419CB}.Release|Any CPU.Build.0 = Release|Any CPU
	EndGlobalSection
	GlobalSection(SolutionProperties) = preSolution
		HideSolutionNode = FALSE
	EndGlobalSection
	GlobalSection(ExtensibilityGlobals) = postSolution
		SolutionGuid = {B9E4D60B-DBB7-4BE3-94FA-07F7420C0B01}
	EndGlobalSection
EndGlobal
